
Microsoft Visual Studio Solution File, Format Version 12.00
# Visual Studio Version 17
VisualStudioVersion = 17.0.31903.59
MinimumVisualStudioVersion = 10.0.40219.1
Project("{2150E333-8FDC-42A3-9474-1A3956D46DE8}") = "Api", "Api", "{92E88EA7-449B-4B65-810D-22967FC8F684}"
EndProject
Project("{FAE04EC0-301F-11D3-BF4B-00C04F79EFBC}") = "Flippit.Api.App.EndToEndTests", "src\Api\Flippit.Api.App.EndToEndTests\Flippit.Api.App.EndToEndTests.csproj", "{FB9E1521-7680-4DBB-8BD7-CA8E1EBA938D}"
EndProject
Project("{FAE04EC0-301F-11D3-BF4B-00C04F79EFBC}") = "Flippit.Api.App", "src\Api\Flippit.Api.App\Flippit.Api.App.csproj", "{8D5E9520-FD1D-4651-BCB4-40B826308F7E}"
EndProject
Project("{FAE04EC0-301F-11D3-BF4B-00C04F79EFBC}") = "Flippit.Api.BL.UnitTests", "src\Api\Flippit.Api.BL.UnitTests\Flippit.Api.BL.UnitTests.csproj", "{784AF613-47ED-4C7F-A2B7-28F415B715A6}"
EndProject
Project("{FAE04EC0-301F-11D3-BF4B-00C04F79EFBC}") = "Flippit.Api.BL", "src\Api\Flippit.Api.BL\Flippit.Api.BL.csproj", "{62130378-656E-41DC-8CBD-70CE299C925D}"
EndProject
Project("{FAE04EC0-301F-11D3-BF4B-00C04F79EFBC}") = "Flippit.Api.DAL.Common", "src\Api\Flippit.Api.DAL.Common\Flippit.Api.DAL.Common.csproj", "{D2E00E8D-2591-4B80-9593-FE1F04A5ECC2}"
EndProject
Project("{FAE04EC0-301F-11D3-BF4B-00C04F79EFBC}") = "Flippit.Api.DAL.EF", "src\Api\Flippit.Api.DAL.EF\Flippit.Api.DAL.EF.csproj", "{C7C210FA-5B0B-4794-BEC4-0D3BB1119410}"
EndProject
Project("{FAE04EC0-301F-11D3-BF4B-00C04F79EFBC}") = "Flippit.Api.DAL.IntegrationTests", "src\Api\Flippit.Api.DAL.IntegrationTests\Flippit.Api.DAL.IntegrationTests.csproj", "{F06D612B-B58D-4974-B004-1670EFABC598}"
EndProject
Project("{FAE04EC0-301F-11D3-BF4B-00C04F79EFBC}") = "Flippit.Api.DAL.Memory", "src\Api\Flippit.Api.DAL.Memory\Flippit.Api.DAL.Memory.csproj", "{EC70B66D-C42F-4384-900E-E9C90938EE01}"
EndProject
Project("{2150E333-8FDC-42A3-9474-1A3956D46DE8}") = "Common", "Common", "{78FD5B5D-9B87-4E8C-AC76-89E563BFE151}"
EndProject
Project("{FAE04EC0-301F-11D3-BF4B-00C04F79EFBC}") = "Flippit.Common.BL", "src\Common\Flippit.Common.BL\Flippit.Common.BL.csproj", "{C95525D6-4FE4-43EB-BD6B-BED825289664}"
EndProject
Project("{FAE04EC0-301F-11D3-BF4B-00C04F79EFBC}") = "Flippit.Common.Models", "src\Common\Flippit.Common.Models\Flippit.Common.Models.csproj", "{0CB05F7C-40E3-4649-8163-34EBA5CBB013}"
EndProject
Project("{FAE04EC0-301F-11D3-BF4B-00C04F79EFBC}") = "Flippit.Common", "src\Common\Flippit.Common\Flippit.Common.csproj", "{213EC939-3E3C-4B9F-958D-2188CE8325DF}"
EndProject
Project("{2150E333-8FDC-42A3-9474-1A3956D46DE8}") = "DAL", "DAL", "{36D591C7-65C7-A0D1-1CBC-10CDE441BDC8}"
EndProject
Project("{2150E333-8FDC-42A3-9474-1A3956D46DE8}") = "BL", "BL", "{97ECB513-A22E-4977-AF72-F0ECF6911526}"
EndProject
Project("{2150E333-8FDC-42A3-9474-1A3956D46DE8}") = "Web", "Web", "{256F4E96-6A73-9ABE-786F-840C672A50F4}"
EndProject
Project("{FAE04EC0-301F-11D3-BF4B-00C04F79EFBC}") = "Flippit.Web.DAL", "src\Web\Flippit.Web.DAL\Flippit.Web.DAL.csproj", "{391530FC-B715-4F57-A0BB-5B3D8589D101}"
EndProject
Global
	GlobalSection(SolutionConfigurationPlatforms) = preSolution
		Debug|Any CPU = Debug|Any CPU
		Debug|x64 = Debug|x64
		Debug|x86 = Debug|x86
		Release|Any CPU = Release|Any CPU
		Release|x64 = Release|x64
		Release|x86 = Release|x86
	EndGlobalSection
	GlobalSection(ProjectConfigurationPlatforms) = postSolution
		{FB9E1521-7680-4DBB-8BD7-CA8E1EBA938D}.Debug|Any CPU.ActiveCfg = Debug|Any CPU
		{FB9E1521-7680-4DBB-8BD7-CA8E1EBA938D}.Debug|Any CPU.Build.0 = Debug|Any CPU
		{FB9E1521-7680-4DBB-8BD7-CA8E1EBA938D}.Debug|x64.ActiveCfg = Debug|Any CPU
		{FB9E1521-7680-4DBB-8BD7-CA8E1EBA938D}.Debug|x64.Build.0 = Debug|Any CPU
		{FB9E1521-7680-4DBB-8BD7-CA8E1EBA938D}.Debug|x86.ActiveCfg = Debug|Any CPU
		{FB9E1521-7680-4DBB-8BD7-CA8E1EBA938D}.Debug|x86.Build.0 = Debug|Any CPU
		{FB9E1521-7680-4DBB-8BD7-CA8E1EBA938D}.Release|Any CPU.ActiveCfg = Release|Any CPU
		{FB9E1521-7680-4DBB-8BD7-CA8E1EBA938D}.Release|Any CPU.Build.0 = Release|Any CPU
		{FB9E1521-7680-4DBB-8BD7-CA8E1EBA938D}.Release|x64.ActiveCfg = Release|Any CPU
		{FB9E1521-7680-4DBB-8BD7-CA8E1EBA938D}.Release|x64.Build.0 = Release|Any CPU
		{FB9E1521-7680-4DBB-8BD7-CA8E1EBA938D}.Release|x86.ActiveCfg = Release|Any CPU
		{FB9E1521-7680-4DBB-8BD7-CA8E1EBA938D}.Release|x86.Build.0 = Release|Any CPU
		{8D5E9520-FD1D-4651-BCB4-40B826308F7E}.Debug|Any CPU.ActiveCfg = Debug|Any CPU
		{8D5E9520-FD1D-4651-BCB4-40B826308F7E}.Debug|Any CPU.Build.0 = Debug|Any CPU
		{8D5E9520-FD1D-4651-BCB4-40B826308F7E}.Debug|x64.ActiveCfg = Debug|Any CPU
		{8D5E9520-FD1D-4651-BCB4-40B826308F7E}.Debug|x64.Build.0 = Debug|Any CPU
		{8D5E9520-FD1D-4651-BCB4-40B826308F7E}.Debug|x86.ActiveCfg = Debug|Any CPU
		{8D5E9520-FD1D-4651-BCB4-40B826308F7E}.Debug|x86.Build.0 = Debug|Any CPU
		{8D5E9520-FD1D-4651-BCB4-40B826308F7E}.Release|Any CPU.ActiveCfg = Release|Any CPU
		{8D5E9520-FD1D-4651-BCB4-40B826308F7E}.Release|Any CPU.Build.0 = Release|Any CPU
		{8D5E9520-FD1D-4651-BCB4-40B826308F7E}.Release|x64.ActiveCfg = Release|Any CPU
		{8D5E9520-FD1D-4651-BCB4-40B826308F7E}.Release|x64.Build.0 = Release|Any CPU
		{8D5E9520-FD1D-4651-BCB4-40B826308F7E}.Release|x86.ActiveCfg = Release|Any CPU
		{8D5E9520-FD1D-4651-BCB4-40B826308F7E}.Release|x86.Build.0 = Release|Any CPU
		{784AF613-47ED-4C7F-A2B7-28F415B715A6}.Debug|Any CPU.ActiveCfg = Debug|Any CPU
		{784AF613-47ED-4C7F-A2B7-28F415B715A6}.Debug|Any CPU.Build.0 = Debug|Any CPU
		{784AF613-47ED-4C7F-A2B7-28F415B715A6}.Debug|x64.ActiveCfg = Debug|Any CPU
		{784AF613-47ED-4C7F-A2B7-28F415B715A6}.Debug|x64.Build.0 = Debug|Any CPU
		{784AF613-47ED-4C7F-A2B7-28F415B715A6}.Debug|x86.ActiveCfg = Debug|Any CPU
		{784AF613-47ED-4C7F-A2B7-28F415B715A6}.Debug|x86.Build.0 = Debug|Any CPU
		{784AF613-47ED-4C7F-A2B7-28F415B715A6}.Release|Any CPU.ActiveCfg = Release|Any CPU
		{784AF613-47ED-4C7F-A2B7-28F415B715A6}.Release|Any CPU.Build.0 = Release|Any CPU
		{784AF613-47ED-4C7F-A2B7-28F415B715A6}.Release|x64.ActiveCfg = Release|Any CPU
		{784AF613-47ED-4C7F-A2B7-28F415B715A6}.Release|x64.Build.0 = Release|Any CPU
		{784AF613-47ED-4C7F-A2B7-28F415B715A6}.Release|x86.ActiveCfg = Release|Any CPU
		{784AF613-47ED-4C7F-A2B7-28F415B715A6}.Release|x86.Build.0 = Release|Any CPU
		{62130378-656E-41DC-8CBD-70CE299C925D}.Debug|Any CPU.ActiveCfg = Debug|Any CPU
		{62130378-656E-41DC-8CBD-70CE299C925D}.Debug|Any CPU.Build.0 = Debug|Any CPU
		{62130378-656E-41DC-8CBD-70CE299C925D}.Debug|x64.ActiveCfg = Debug|Any CPU
		{62130378-656E-41DC-8CBD-70CE299C925D}.Debug|x64.Build.0 = Debug|Any CPU
		{62130378-656E-41DC-8CBD-70CE299C925D}.Debug|x86.ActiveCfg = Debug|Any CPU
		{62130378-656E-41DC-8CBD-70CE299C925D}.Debug|x86.Build.0 = Debug|Any CPU
		{62130378-656E-41DC-8CBD-70CE299C925D}.Release|Any CPU.ActiveCfg = Release|Any CPU
		{62130378-656E-41DC-8CBD-70CE299C925D}.Release|Any CPU.Build.0 = Release|Any CPU
		{62130378-656E-41DC-8CBD-70CE299C925D}.Release|x64.ActiveCfg = Release|Any CPU
		{62130378-656E-41DC-8CBD-70CE299C925D}.Release|x64.Build.0 = Release|Any CPU
		{62130378-656E-41DC-8CBD-70CE299C925D}.Release|x86.ActiveCfg = Release|Any CPU
		{62130378-656E-41DC-8CBD-70CE299C925D}.Release|x86.Build.0 = Release|Any CPU
		{D2E00E8D-2591-4B80-9593-FE1F04A5ECC2}.Debug|Any CPU.ActiveCfg = Debug|Any CPU
		{D2E00E8D-2591-4B80-9593-FE1F04A5ECC2}.Debug|Any CPU.Build.0 = Debug|Any CPU
		{D2E00E8D-2591-4B80-9593-FE1F04A5ECC2}.Debug|x64.ActiveCfg = Debug|Any CPU
		{D2E00E8D-2591-4B80-9593-FE1F04A5ECC2}.Debug|x64.Build.0 = Debug|Any CPU
		{D2E00E8D-2591-4B80-9593-FE1F04A5ECC2}.Debug|x86.ActiveCfg = Debug|Any CPU
		{D2E00E8D-2591-4B80-9593-FE1F04A5ECC2}.Debug|x86.Build.0 = Debug|Any CPU
		{D2E00E8D-2591-4B80-9593-FE1F04A5ECC2}.Release|Any CPU.ActiveCfg = Release|Any CPU
		{D2E00E8D-2591-4B80-9593-FE1F04A5ECC2}.Release|Any CPU.Build.0 = Release|Any CPU
		{D2E00E8D-2591-4B80-9593-FE1F04A5ECC2}.Release|x64.ActiveCfg = Release|Any CPU
		{D2E00E8D-2591-4B80-9593-FE1F04A5ECC2}.Release|x64.Build.0 = Release|Any CPU
		{D2E00E8D-2591-4B80-9593-FE1F04A5ECC2}.Release|x86.ActiveCfg = Release|Any CPU
		{D2E00E8D-2591-4B80-9593-FE1F04A5ECC2}.Release|x86.Build.0 = Release|Any CPU
		{C7C210FA-5B0B-4794-BEC4-0D3BB1119410}.Debug|Any CPU.ActiveCfg = Debug|Any CPU
		{C7C210FA-5B0B-4794-BEC4-0D3BB1119410}.Debug|Any CPU.Build.0 = Debug|Any CPU
		{C7C210FA-5B0B-4794-BEC4-0D3BB1119410}.Debug|x64.ActiveCfg = Debug|Any CPU
		{C7C210FA-5B0B-4794-BEC4-0D3BB1119410}.Debug|x64.Build.0 = Debug|Any CPU
		{C7C210FA-5B0B-4794-BEC4-0D3BB1119410}.Debug|x86.ActiveCfg = Debug|Any CPU
		{C7C210FA-5B0B-4794-BEC4-0D3BB1119410}.Debug|x86.Build.0 = Debug|Any CPU
		{C7C210FA-5B0B-4794-BEC4-0D3BB1119410}.Release|Any CPU.ActiveCfg = Release|Any CPU
		{C7C210FA-5B0B-4794-BEC4-0D3BB1119410}.Release|Any CPU.Build.0 = Release|Any CPU
		{C7C210FA-5B0B-4794-BEC4-0D3BB1119410}.Release|x64.ActiveCfg = Release|Any CPU
		{C7C210FA-5B0B-4794-BEC4-0D3BB1119410}.Release|x64.Build.0 = Release|Any CPU
		{C7C210FA-5B0B-4794-BEC4-0D3BB1119410}.Release|x86.ActiveCfg = Release|Any CPU
		{C7C210FA-5B0B-4794-BEC4-0D3BB1119410}.Release|x86.Build.0 = Release|Any CPU
		{F06D612B-B58D-4974-B004-1670EFABC598}.Debug|Any CPU.ActiveCfg = Debug|Any CPU
		{F06D612B-B58D-4974-B004-1670EFABC598}.Debug|Any CPU.Build.0 = Debug|Any CPU
		{F06D612B-B58D-4974-B004-1670EFABC598}.Debug|x64.ActiveCfg = Debug|Any CPU
		{F06D612B-B58D-4974-B004-1670EFABC598}.Debug|x64.Build.0 = Debug|Any CPU
		{F06D612B-B58D-4974-B004-1670EFABC598}.Debug|x86.ActiveCfg = Debug|Any CPU
		{F06D612B-B58D-4974-B004-1670EFABC598}.Debug|x86.Build.0 = Debug|Any CPU
		{F06D612B-B58D-4974-B004-1670EFABC598}.Release|Any CPU.ActiveCfg = Release|Any CPU
		{F06D612B-B58D-4974-B004-1670EFABC598}.Release|Any CPU.Build.0 = Release|Any CPU
		{F06D612B-B58D-4974-B004-1670EFABC598}.Release|x64.ActiveCfg = Release|Any CPU
		{F06D612B-B58D-4974-B004-1670EFABC598}.Release|x64.Build.0 = Release|Any CPU
		{F06D612B-B58D-4974-B004-1670EFABC598}.Release|x86.ActiveCfg = Release|Any CPU
		{F06D612B-B58D-4974-B004-1670EFABC598}.Release|x86.Build.0 = Release|Any CPU
		{EC70B66D-C42F-4384-900E-E9C90938EE01}.Debug|Any CPU.ActiveCfg = Debug|Any CPU
		{EC70B66D-C42F-4384-900E-E9C90938EE01}.Debug|Any CPU.Build.0 = Debug|Any CPU
		{EC70B66D-C42F-4384-900E-E9C90938EE01}.Debug|x64.ActiveCfg = Debug|Any CPU
		{EC70B66D-C42F-4384-900E-E9C90938EE01}.Debug|x64.Build.0 = Debug|Any CPU
		{EC70B66D-C42F-4384-900E-E9C90938EE01}.Debug|x86.ActiveCfg = Debug|Any CPU
		{EC70B66D-C42F-4384-900E-E9C90938EE01}.Debug|x86.Build.0 = Debug|Any CPU
		{EC70B66D-C42F-4384-900E-E9C90938EE01}.Release|Any CPU.ActiveCfg = Release|Any CPU
		{EC70B66D-C42F-4384-900E-E9C90938EE01}.Release|Any CPU.Build.0 = Release|Any CPU
		{EC70B66D-C42F-4384-900E-E9C90938EE01}.Release|x64.ActiveCfg = Release|Any CPU
		{EC70B66D-C42F-4384-900E-E9C90938EE01}.Release|x64.Build.0 = Release|Any CPU
		{EC70B66D-C42F-4384-900E-E9C90938EE01}.Release|x86.ActiveCfg = Release|Any CPU
		{EC70B66D-C42F-4384-900E-E9C90938EE01}.Release|x86.Build.0 = Release|Any CPU
		{C95525D6-4FE4-43EB-BD6B-BED825289664}.Debug|Any CPU.ActiveCfg = Debug|Any CPU
		{C95525D6-4FE4-43EB-BD6B-BED825289664}.Debug|Any CPU.Build.0 = Debug|Any CPU
		{C95525D6-4FE4-43EB-BD6B-BED825289664}.Debug|x64.ActiveCfg = Debug|Any CPU
		{C95525D6-4FE4-43EB-BD6B-BED825289664}.Debug|x64.Build.0 = Debug|Any CPU
		{C95525D6-4FE4-43EB-BD6B-BED825289664}.Debug|x86.ActiveCfg = Debug|Any CPU
		{C95525D6-4FE4-43EB-BD6B-BED825289664}.Debug|x86.Build.0 = Debug|Any CPU
		{C95525D6-4FE4-43EB-BD6B-BED825289664}.Release|Any CPU.ActiveCfg = Release|Any CPU
		{C95525D6-4FE4-43EB-BD6B-BED825289664}.Release|Any CPU.Build.0 = Release|Any CPU
		{C95525D6-4FE4-43EB-BD6B-BED825289664}.Release|x64.ActiveCfg = Release|Any CPU
		{C95525D6-4FE4-43EB-BD6B-BED825289664}.Release|x64.Build.0 = Release|Any CPU
		{C95525D6-4FE4-43EB-BD6B-BED825289664}.Release|x86.ActiveCfg = Release|Any CPU
		{C95525D6-4FE4-43EB-BD6B-BED825289664}.Release|x86.Build.0 = Release|Any CPU
		{0CB05F7C-40E3-4649-8163-34EBA5CBB013}.Debug|Any CPU.ActiveCfg = Debug|Any CPU
		{0CB05F7C-40E3-4649-8163-34EBA5CBB013}.Debug|Any CPU.Build.0 = Debug|Any CPU
		{0CB05F7C-40E3-4649-8163-34EBA5CBB013}.Debug|x64.ActiveCfg = Debug|Any CPU
		{0CB05F7C-40E3-4649-8163-34EBA5CBB013}.Debug|x64.Build.0 = Debug|Any CPU
		{0CB05F7C-40E3-4649-8163-34EBA5CBB013}.Debug|x86.ActiveCfg = Debug|Any CPU
		{0CB05F7C-40E3-4649-8163-34EBA5CBB013}.Debug|x86.Build.0 = Debug|Any CPU
		{0CB05F7C-40E3-4649-8163-34EBA5CBB013}.Release|Any CPU.ActiveCfg = Release|Any CPU
		{0CB05F7C-40E3-4649-8163-34EBA5CBB013}.Release|Any CPU.Build.0 = Release|Any CPU
		{0CB05F7C-40E3-4649-8163-34EBA5CBB013}.Release|x64.ActiveCfg = Release|Any CPU
		{0CB05F7C-40E3-4649-8163-34EBA5CBB013}.Release|x64.Build.0 = Release|Any CPU
		{0CB05F7C-40E3-4649-8163-34EBA5CBB013}.Release|x86.ActiveCfg = Release|Any CPU
		{0CB05F7C-40E3-4649-8163-34EBA5CBB013}.Release|x86.Build.0 = Release|Any CPU
		{213EC939-3E3C-4B9F-958D-2188CE8325DF}.Debug|Any CPU.ActiveCfg = Debug|Any CPU
		{213EC939-3E3C-4B9F-958D-2188CE8325DF}.Debug|Any CPU.Build.0 = Debug|Any CPU
		{213EC939-3E3C-4B9F-958D-2188CE8325DF}.Debug|x64.ActiveCfg = Debug|Any CPU
		{213EC939-3E3C-4B9F-958D-2188CE8325DF}.Debug|x64.Build.0 = Debug|Any CPU
		{213EC939-3E3C-4B9F-958D-2188CE8325DF}.Debug|x86.ActiveCfg = Debug|Any CPU
		{213EC939-3E3C-4B9F-958D-2188CE8325DF}.Debug|x86.Build.0 = Debug|Any CPU
		{213EC939-3E3C-4B9F-958D-2188CE8325DF}.Release|Any CPU.ActiveCfg = Release|Any CPU
		{213EC939-3E3C-4B9F-958D-2188CE8325DF}.Release|Any CPU.Build.0 = Release|Any CPU
		{213EC939-3E3C-4B9F-958D-2188CE8325DF}.Release|x64.ActiveCfg = Release|Any CPU
		{213EC939-3E3C-4B9F-958D-2188CE8325DF}.Release|x64.Build.0 = Release|Any CPU
		{213EC939-3E3C-4B9F-958D-2188CE8325DF}.Release|x86.ActiveCfg = Release|Any CPU
		{213EC939-3E3C-4B9F-958D-2188CE8325DF}.Release|x86.Build.0 = Release|Any CPU
		{391530FC-B715-4F57-A0BB-5B3D8589D101}.Debug|Any CPU.ActiveCfg = Debug|Any CPU
		{391530FC-B715-4F57-A0BB-5B3D8589D101}.Debug|Any CPU.Build.0 = Debug|Any CPU
		{391530FC-B715-4F57-A0BB-5B3D8589D101}.Debug|x64.ActiveCfg = Debug|Any CPU
		{391530FC-B715-4F57-A0BB-5B3D8589D101}.Debug|x64.Build.0 = Debug|Any CPU
		{391530FC-B715-4F57-A0BB-5B3D8589D101}.Debug|x86.ActiveCfg = Debug|Any CPU
		{391530FC-B715-4F57-A0BB-5B3D8589D101}.Debug|x86.Build.0 = Debug|Any CPU
		{391530FC-B715-4F57-A0BB-5B3D8589D101}.Release|Any CPU.ActiveCfg = Release|Any CPU
		{391530FC-B715-4F57-A0BB-5B3D8589D101}.Release|Any CPU.Build.0 = Release|Any CPU
		{391530FC-B715-4F57-A0BB-5B3D8589D101}.Release|x64.ActiveCfg = Release|Any CPU
		{391530FC-B715-4F57-A0BB-5B3D8589D101}.Release|x64.Build.0 = Release|Any CPU
		{391530FC-B715-4F57-A0BB-5B3D8589D101}.Release|x86.ActiveCfg = Release|Any CPU
		{391530FC-B715-4F57-A0BB-5B3D8589D101}.Release|x86.Build.0 = Release|Any CPU
	EndGlobalSection
	GlobalSection(SolutionProperties) = preSolution
		HideSolutionNode = FALSE
	EndGlobalSection
	GlobalSection(NestedProjects) = preSolution
		{FB9E1521-7680-4DBB-8BD7-CA8E1EBA938D} = {92E88EA7-449B-4B65-810D-22967FC8F684}
		{8D5E9520-FD1D-4651-BCB4-40B826308F7E} = {92E88EA7-449B-4B65-810D-22967FC8F684}
		{784AF613-47ED-4C7F-A2B7-28F415B715A6} = {97ECB513-A22E-4977-AF72-F0ECF6911526}
		{62130378-656E-41DC-8CBD-70CE299C925D} = {97ECB513-A22E-4977-AF72-F0ECF6911526}
		{D2E00E8D-2591-4B80-9593-FE1F04A5ECC2} = {36D591C7-65C7-A0D1-1CBC-10CDE441BDC8}
		{C7C210FA-5B0B-4794-BEC4-0D3BB1119410} = {36D591C7-65C7-A0D1-1CBC-10CDE441BDC8}
		{F06D612B-B58D-4974-B004-1670EFABC598} = {36D591C7-65C7-A0D1-1CBC-10CDE441BDC8}
		{EC70B66D-C42F-4384-900E-E9C90938EE01} = {36D591C7-65C7-A0D1-1CBC-10CDE441BDC8}
		{C95525D6-4FE4-43EB-BD6B-BED825289664} = {78FD5B5D-9B87-4E8C-AC76-89E563BFE151}
		{0CB05F7C-40E3-4649-8163-34EBA5CBB013} = {78FD5B5D-9B87-4E8C-AC76-89E563BFE151}
		{213EC939-3E3C-4B9F-958D-2188CE8325DF} = {78FD5B5D-9B87-4E8C-AC76-89E563BFE151}
		{36D591C7-65C7-A0D1-1CBC-10CDE441BDC8} = {92E88EA7-449B-4B65-810D-22967FC8F684}
		{97ECB513-A22E-4977-AF72-F0ECF6911526} = {92E88EA7-449B-4B65-810D-22967FC8F684}
		{391530FC-B715-4F57-A0BB-5B3D8589D101} = {256F4E96-6A73-9ABE-786F-840C672A50F4}
	EndGlobalSection
	GlobalSection(ExtensibilityGlobals) = postSolution
		SolutionGuid = {34AE4189-E41A-419A-9CF1-AD4440866DBB}
	EndGlobalSection
EndGlobal
